{
  "pins" : [
    {
      "identity" : "scalescore",
      "kind" : "remoteSourceControl",
      "location" : "https://github.com/davidf2281/ScalesCore.git",
      "state" : {
        "branch" : "main",
        "revision" : "b58e66d4d7ee55a626fdc5753abb1265f4000d5f"
      }
    }
  ],
  "version" : 2
}
